
Microsoft Visual Studio Solution File, Format Version 12.00
# Visual Studio Version 17
VisualStudioVersion = 17.8.34316.72
MinimumVisualStudioVersion = 10.0.40219.1
Project("{FAE04EC0-301F-11D3-BF4B-00C04F79EFBC}") = "FoodApp", "FoodApp\FoodApp.csproj", "{A179F907-8D76-423F-B71C-ACE3BC2C9A3A}"
EndProject
Global
	GlobalSection(SolutionConfigurationPlatforms) = preSolution
		Debug|Any CPU = Debug|Any CPU
		Release|Any CPU = Release|Any CPU
	EndGlobalSection
	GlobalSection(ProjectConfigurationPlatforms) = postSolution
		{A179F907-8D76-423F-B71C-ACE3BC2C9A3A}.Debug|Any CPU.ActiveCfg = Debug|Any CPU
		{A179F907-8D76-423F-B71C-ACE3BC2C9A3A}.Debug|Any CPU.Build.0 = Debug|Any CPU
		{A179F907-8D76-423F-B71C-ACE3BC2C9A3A}.Release|Any CPU.ActiveCfg = Release|Any CPU
		{A179F907-8D76-423F-B71C-ACE3BC2C9A3A}.Release|Any CPU.Build.0 = Release|Any CPU
	EndGlobalSection
	GlobalSection(SolutionProperties) = preSolution
		HideSolutionNode = FALSE
	EndGlobalSection
	GlobalSection(ExtensibilityGlobals) = postSolution
		SolutionGuid = {3496B96C-2340-4214-9ED3-3DFC81EA00D4}
	EndGlobalSection
EndGlobal
